
Microsoft Visual Studio Solution File, Format Version 12.00
# Visual Studio Version 17
VisualStudioVersion = 17.0.31919.166
MinimumVisualStudioVersion = 10.0.40219.1
Project("{FAE04EC0-301F-11D3-BF4B-00C04F79EFBC}") = "Recursive-Extension-Methods", "Recursive-Extension-Methods\Recursive-Extension-Methods.csproj", "{BD3FEB94-B686-4D8D-895C-2A11ED016F17}"
EndProject
Global
	GlobalSection(SolutionConfigurationPlatforms) = preSolution
		Debug|Any CPU = Debug|Any CPU
		Release|Any CPU = Release|Any CPU
	EndGlobalSection
	GlobalSection(ProjectConfigurationPlatforms) = postSolution
		{BD3FEB94-B686-4D8D-895C-2A11ED016F17}.Debug|Any CPU.ActiveCfg = Debug|Any CPU
		{BD3FEB94-B686-4D8D-895C-2A11ED016F17}.Debug|Any CPU.Build.0 = Debug|Any CPU
		{BD3FEB94-B686-4D8D-895C-2A11ED016F17}.Release|Any CPU.ActiveCfg = Release|Any CPU
		{BD3FEB94-B686-4D8D-895C-2A11ED016F17}.Release|Any CPU.Build.0 = Release|Any CPU
	EndGlobalSection
	GlobalSection(SolutionProperties) = preSolution
		HideSolutionNode = FALSE
	EndGlobalSection
	GlobalSection(ExtensibilityGlobals) = postSolution
		SolutionGuid = {D18704DC-32D9-462E-9B11-ED882DB24DE4}
	EndGlobalSection
EndGlobal
